{
  "version": 1,
  "dependencies": {
    "net10.0": {
      "Avalonia": {
        "type": "Direct",
        "requested": "[11.1.3, )",
        "resolved": "11.1.3",
        "contentHash": "kpVAnKTbg/ZVnWyYLGPYXR0Ce4uiHLT1y6BcgJYpdFfn3b0TmvbxFZV37lpc1wEjUyaU28V+DoNnRbYSLsv0nw==",
        "dependencies": {
          "Avalonia.BuildServices": "0.0.29",
          "Avalonia.Remote.Protocol": "11.1.3",
          "MicroCom.Runtime": "0.11.0"
        }
      },
      "CommunityToolkit.Mvvm": {
        "type": "Direct",
        "requested": "[8.4.1, )",
        "resolved": "8.4.1",
        "contentHash": "BTRteP8SvFyd/4KAreIFJBcxD2O9trLxLDD/p8YkSDDrfFOzy2U8cHyz6r+5Eh4kDhJdzAVglei6a+Bh4jCpUA=="
      },
      "LiveChartsCore.SkiaSharpView.Avalonia": {
        "type": "Direct",
        "requested": "[2.0.4, )",
        "resolved": "2.0.4",
        "contentHash": "C8vcBjRu03CVUM0SMcB6mBqK0/dyrEp46rAS2T4BR81B/2Xu00GHRyJ0egldtKx3ww8x/MlGhGYfEugFVJv7hg==",
        "dependencies": {
          "Avalonia": "11.0.0",
          "Avalonia.Skia": "11.0.0",
          "LiveChartsCore.SkiaSharpView": "2.0.4"
        }
      },
      "Avalonia.BuildServices": {
        "type": "Transitive",
        "resolved": "0.0.29",
        "contentHash": "U4eJLQdoDNHXtEba7MZUCwrBErBTxFp6sUewXBOdAhU0Kwzwaa/EKFcYm8kpcysjzKtfB4S0S9n0uxKZFz/ikw=="
      },
      "Avalonia.Remote.Protocol": {
        "type": "Transitive",
        "resolved": "11.1.3",
        "contentHash": "ByXwboJC1jg13Qdxfs3/aX/yY4wi9n1XKT+a6+ckLnpSeesjQ0J6N1+wix7ISuGwFo0cyT0nXpvI4s2Zo+rkSA=="
      },
      "Avalonia.Skia": {
        "type": "Transitive",
        "resolved": "11.0.0",
        "contentHash": "lWix1cBPFV4UEjdwE1b1fF1+xxWGbXak1oP2Fmqa8qjgMDxaxEz4B6+f+9mPhs042D3m9EGE8ZMs8eEJQpo0pQ==",
        "dependencies": {
          "Avalonia": "11.0.0",
          "HarfBuzzSharp": "2.8.2.3",
          "HarfBuzzSharp.NativeAssets.Linux": "2.8.2.3",
          "HarfBuzzSharp.NativeAssets.WebAssembly": "2.8.2.3",
          "SkiaSharp": "2.88.3",
          "SkiaSharp.NativeAssets.Linux": "2.88.3",
          "SkiaSharp.NativeAssets.WebAssembly": "2.88.3"
        }
      },
      "HarfBuzzSharp": {
        "type": "Transitive",
        "resolved": "7.3.0.3",
        "contentHash": "Hq+5+gx10coOvuRgB13KBwiWxJq1QeYuhtVLbA01ZCWaugOnolUahF44KvrQTUUHDNk/C7HB6SMaebsZeOdhgg==",
        "dependencies": {
          "HarfBuzzSharp.NativeAssets.Win32": "7.3.0.3",
          "HarfBuzzSharp.NativeAssets.macOS": "7.3.0.3"
        }
      },
      "HarfBuzzSharp.NativeAssets.Linux": {
        "type": "Transitive",
        "resolved": "2.8.2.3",
        "contentHash": "Qu1yJSHEN7PD3+fqfkaClnORWN5e2xJ2Xoziz/GUi/oBT1Z+Dp2oZeiONKP6NFltboSOBkvH90QuOA6YN/U1zg==",
        "dependencies": {
          "HarfBuzzSharp": "2.8.2.3"
        }
      },
      "HarfBuzzSharp.NativeAssets.macOS": {
        "type": "Transitive",
        "resolved": "7.3.0.3",
        "contentHash": "UAwIYnkbBTzBJv1Id8FijY/i8QiIepRemSXufU8fyzwWhYJdx4+ajG8yQUie5HW/uusbVLFSr26muSlJOFDgSw=="
      },
      "HarfBuzzSharp.NativeAssets.WebAssembly": {
        "type": "Transitive",
        "resolved": "2.8.2.3",
        "contentHash": "a6t2X1GrZDt3ErjFbG+qXdxaO8EvMMUN1AVZYfayh7EACHU3yU/SG/rveKLWhT8Ln5GFLqe2r+5dsDrHK1qScw=="
      },
      "HarfBuzzSharp.NativeAssets.Win32": {
        "type": "Transitive",
        "resolved": "7.3.0.3",
        "contentHash": "RPxRXD16KtSs8Yxr2RK9Qs7AwyN9MlpqZIYs0AvfaJwl7RAtVhC0+u2f2SKwX0uMYYd3O98Z+OBA1sj6aWVKQA=="
      },
      "LiveChartsCore": {
        "type": "Transitive",
        "resolved": "2.0.4",
        "contentHash": "AHFa0WVdlHPXpo9yki4RnC4Vl2Akn9beEFUjeqRXi/x9KstHtV5WN6fH07DV641n7p1yf9kYPqjR5Yx0YUXWPQ=="
      },
      "LiveChartsCore.SkiaSharpView": {
        "type": "Transitive",
        "resolved": "2.0.4",
        "contentHash": "Smrk6vSIVkKo6M5ZP/brfeqME3eSZhhcRuwLDBA5LdCa3scYWj3XjlhYspyMnI4+0MvoXcXbea/ysAMnatFiKg==",
        "dependencies": {
          "LiveChartsCore": "2.0.4",
          "SkiaSharp": "2.88.9",
          "SkiaSharp.HarfBuzz": "2.88.9"
        }
      },
      "MicroCom.Runtime": {
        "type": "Transitive",
        "resolved": "0.11.0",
        "contentHash": "MEnrZ3UIiH40hjzMDsxrTyi8dtqB5ziv3iBeeU4bXsL/7NLSal9F1lZKpK+tfBRnUoDSdtcW3KufE4yhATOMCA=="
      },
      "SkiaSharp": {
        "type": "Transitive",
        "resolved": "2.88.9",
        "contentHash": "3MD5VHjXXieSHCleRLuaTXmL2pD0mB7CcOB1x2kA1I4bhptf4e3R27iM93264ZYuAq6mkUyX5XbcxnZvMJYc1Q==",
        "dependencies": {
          "SkiaSharp.NativeAssets.Win32": "2.88.9",
          "SkiaSharp.NativeAssets.macOS": "2.88.9"
        }
      },
      "SkiaSharp.HarfBuzz": {
        "type": "Transitive",
        "resolved": "2.88.9",
        "contentHash": "5lyjX04CSWTKFYMSNN6SMupV2qzYDr8W/u8S3ZEkr+Sg3kOi0YE06EOqG0tzn/YPBID89xam4L3rz3hUUKOGEQ==",
        "dependencies": {
          "HarfBuzzSharp": "7.3.0.3",
          "SkiaSharp": "2.88.9"
        }
      },
      "SkiaSharp.NativeAssets.Linux": {
        "type": "Transitive",
        "resolved": "2.88.3",
        "contentHash": "wz29evZVWRqN7WHfenFwQIgqtr8f5vHCutcl1XuhWrHTRZeaIBk7ngjhyHpjUMcQxtIEAdq34ZRvMQshsBYjqg==",
        "dependencies": {
          "SkiaSharp": "2.88.3"
        }
      },
      "SkiaSharp.NativeAssets.macOS": {
        "type": "Transitive",
        "resolved": "2.88.9",
        "contentHash": "Nv5spmKc4505Ep7oUoJ5vp3KweFpeNqxpyGDWyeEPTX2uR6S6syXIm3gj75dM0YJz7NPvcix48mR5laqs8dPuA=="
      },
      "SkiaSharp.NativeAssets.WebAssembly": {
        "type": "Transitive",
        "resolved": "2.88.3",
        "contentHash": "fNKLe6jFqW4rYwaCGgvr+J7heB6S92Z52zp2z7sDSIWXgkkelrhSShDgMd/WKrSYPqlOmfOYnIGW1CQBq9amfg=="
      },
      "SkiaSharp.NativeAssets.Win32": {
        "type": "Transitive",
        "resolved": "2.88.9",
        "contentHash": "wb2kYgU7iy84nQLYZwMeJXixvK++GoIuECjU4ECaUKNuflyRlJKyiRhN1MAHswvlvzuvkrjRWlK0Za6+kYQK7w=="
      }
    }
  }
}